lockfileVersion: '9.0'

settings:
  autoInstallPeers: true
  excludeLinksFromLockfile: false

importers:

  .:
    dependencies:
      '@deepseek-ai/dsh-client-ui-workspace-explorer-layout':
        specifier: file:./packages/client/ui-workspace-explorer-layout
        version: file:packages/client/ui-workspace-explorer-layout

packages:

  '@deepseek-ai/cosmokit@1.8.2':
    resolution: {integrity: sha512-muBOKtSrUKU5m/xpq8ZXWL6hQ/jgd4PhU2PqH97bcxIiLEJfNwZOGQEx4t/aS/GgxRAR+ra9pMHPMtTHU4sqqA==}

  '@deepseek-ai/dsh-client-ui-workspace-explorer-layout@file:packages/client/ui-workspace-explorer-layout':
    resolution: {directory: packages/client/ui-workspace-explorer-layout, type: directory}
    peerDependencies:
      '@deepseek-ai/cordis': ^4.0.0
      '@deepseek-ai/dsh-client-runtime': '>=0.0.1-rc.0 <0.2.0'
      '@deepseek-ai/dsh-client-ui-conversation': '>=0.0.1-rc.0 <0.2.0'
      '@deepseek-ai/dsh-client-ui-sidebar': '>=0.0.1-rc.0 <0.2.0'
      '@deepseek-ai/dsh-client-ui-theme': '>=0.0.1-rc.0 <0.2.0'
      '@deepseek-ai/dsh-host-webserver': '>=0.0.1-rc.0 <0.2.0'
      '@deepseek-ai/dsh-session': '>=0.0.1-rc.0 <0.2.0'
      '@deepseek-ai/dsh-invariants': '>=0.0.1-rc.0 <0.2.0'
      '@deepseek-ai/dsh-web-app': '>=0.0.1-rc.0 <0.2.0'
      '@deepseek-ai/dsh-workspace': '>=0.0.1-rc.0 <0.2.0'
      react: ^18.2.0
    peerDependenciesMeta:
      '@deepseek-ai/cordis':
        optional: true
      '@deepseek-ai/dsh-client-runtime':
        optional: true
      '@deepseek-ai/dsh-client-ui-conversation':
        optional: true
      '@deepseek-ai/dsh-client-ui-sidebar':
        optional: true
      '@deepseek-ai/dsh-client-ui-theme':
        optional: true
      '@deepseek-ai/dsh-host-webserver':
        optional: true
      '@deepseek-ai/dsh-session':
        optional: true
      '@deepseek-ai/dsh-invariants':
        optional: true
      '@deepseek-ai/dsh-web-app':
        optional: true
      '@deepseek-ai/dsh-workspace':
        optional: true
      react:
        optional: true

  '@deepseek-ai/schemastery@3.18.1':
    resolution: {integrity: sha512-Qn0FCSwCQnpnj6SB31I6i2sIKgKWnkbJM8O0EU91Gv2UsYVvtZTl6IA0sCwk2e2MZf5S8w5hpq9QkeVvK9qwxg==}

  '@standard-schema/spec@1.1.0':
    resolution: {integrity: sha512-l2aFy5jALhniG5HgqrD6jXLi/rUWrKvqN/qJx6yoJsgKhblVd+iqqU4RCXavm/jPityDo5TCvKMnpjKnOriy0w==}

snapshots:

  '@deepseek-ai/cosmokit@1.8.2': {}

  '@deepseek-ai/dsh-client-ui-workspace-explorer-layout@file:packages/client/ui-workspace-explorer-layout':
    dependencies:
      '@deepseek-ai/schemastery': 3.18.1

  '@deepseek-ai/schemastery@3.18.1':
    dependencies:
      '@deepseek-ai/cosmokit': 1.8.2
      '@standard-schema/spec': 1.1.0

  '@standard-schema/spec@1.1.0': {}
